
Microsoft Visual Studio Solution File, Format Version 12.00
# Visual Studio Version 17
VisualStudioVersion = 17.13.35818.85 d17.13
MinimumVisualStudioVersion = 10.0.40219.1
Project("{FAE04EC0-301F-11D3-BF4B-00C04F79EFBC}") = "MidProjectDb", "MidProjectDb\MidProjectDb.csproj", "{08A8C9BD-A0F0-4E44-8DB2-ACA2CD88182A}"
EndProject
Global
	GlobalSection(SolutionConfigurationPlatforms) = preSolution
		Debug|Any CPU = Debug|Any CPU
		Release|Any CPU = Release|Any CPU
	EndGlobalSection
	GlobalSection(ProjectConfigurationPlatforms) = postSolution
		{08A8C9BD-A0F0-4E44-8DB2-ACA2CD88182A}.Debug|Any CPU.ActiveCfg = Debug|Any CPU
		{08A8C9BD-A0F0-4E44-8DB2-ACA2CD88182A}.Debug|Any CPU.Build.0 = Debug|Any CPU
		{08A8C9BD-A0F0-4E44-8DB2-ACA2CD88182A}.Release|Any CPU.ActiveCfg = Release|Any CPU
		{08A8C9BD-A0F0-4E44-8DB2-ACA2CD88182A}.Release|Any CPU.Build.0 = Release|Any CPU
	EndGlobalSection
	GlobalSection(SolutionProperties) = preSolution
		HideSolutionNode = FALSE
	EndGlobalSection
	GlobalSection(ExtensibilityGlobals) = postSolution
		SolutionGuid = {64D4F206-0BE8-4265-836F-B0612DCFAA34}
	EndGlobalSection
EndGlobal
